
Microsoft Visual Studio Solution File, Format Version 12.00
# Visual Studio Version 17
VisualStudioVersion = 17.11.35312.102
MinimumVisualStudioVersion = 10.0.40219.1
Project("{9A19103F-16F7-4668-BE54-9A1E7A4F7556}") = "Metode", "ConsoleApp1\Metode.csproj", "{49B6B725-D1FC-4754-BA42-0FDEA7D56C38}"
EndProject
Project("{9A19103F-16F7-4668-BE54-9A1E7A4F7556}") = "Libros", "ClassLibrary1\Libros.csproj", "{2CB121BD-D357-4FC4-AB42-57BB48E8D765}"
EndProject
Project("{9A19103F-16F7-4668-BE54-9A1E7A4F7556}") = "TestProject1", "TestProject1\TestProject1.csproj", "{AB89F24D-D1FD-4178-88A3-59C2109C2DB2}"
EndProject
Global
	GlobalSection(SolutionConfigurationPlatforms) = preSolution
		Debug|Any CPU = Debug|Any CPU
		Release|Any CPU = Release|Any CPU
	EndGlobalSection
	GlobalSection(ProjectConfigurationPlatforms) = postSolution
		{49B6B725-D1FC-4754-BA42-0FDEA7D56C38}.Debug|Any CPU.ActiveCfg = Debug|Any CPU
		{49B6B725-D1FC-4754-BA42-0FDEA7D56C38}.Debug|Any CPU.Build.0 = Debug|Any CPU
		{49B6B725-D1FC-4754-BA42-0FDEA7D56C38}.Release|Any CPU.ActiveCfg = Release|Any CPU
		{49B6B725-D1FC-4754-BA42-0FDEA7D56C38}.Release|Any CPU.Build.0 = Release|Any CPU
		{2CB121BD-D357-4FC4-AB42-57BB48E8D765}.Debug|Any CPU.ActiveCfg = Debug|Any CPU
		{2CB121BD-D357-4FC4-AB42-57BB48E8D765}.Debug|Any CPU.Build.0 = Debug|Any CPU
		{2CB121BD-D357-4FC4-AB42-57BB48E8D765}.Release|Any CPU.ActiveCfg = Release|Any CPU
		{2CB121BD-D357-4FC4-AB42-57BB48E8D765}.Release|Any CPU.Build.0 = Release|Any CPU
		{AB89F24D-D1FD-4178-88A3-59C2109C2DB2}.Debug|Any CPU.ActiveCfg = Debug|Any CPU
		{AB89F24D-D1FD-4178-88A3-59C2109C2DB2}.Debug|Any CPU.Build.0 = Debug|Any CPU
		{AB89F24D-D1FD-4178-88A3-59C2109C2DB2}.Release|Any CPU.ActiveCfg = Release|Any CPU
		{AB89F24D-D1FD-4178-88A3-59C2109C2DB2}.Release|Any CPU.Build.0 = Release|Any CPU
	EndGlobalSection
	GlobalSection(SolutionProperties) = preSolution
		HideSolutionNode = FALSE
	EndGlobalSection
	GlobalSection(ExtensibilityGlobals) = postSolution
		SolutionGuid = {5870F122-0EBF-4D60-8FBF-6868C4709177}
	EndGlobalSection
EndGlobal
